
Microsoft Visual Studio Solution File, Format Version 12.00
# Visual Studio Version 17
VisualStudioVersion = 17.13.35931.197 d17.13
MinimumVisualStudioVersion = 10.0.40219.1
Project("{FAE04EC0-301F-11D3-BF4B-00C04F79EFBC}") = "BlazorTest", "BlazorTest\BlazorTest.csproj", "{0DCDD7AB-C870-4037-822B-8A419930EDF7}"
EndProject
Global
	GlobalSection(SolutionConfigurationPlatforms) = preSolution
		Debug|Any CPU = Debug|Any CPU
		Release|Any CPU = Release|Any CPU
	EndGlobalSection
	GlobalSection(ProjectConfigurationPlatforms) = postSolution
		{0DCDD7AB-C870-4037-822B-8A419930EDF7}.Debug|Any CPU.ActiveCfg = Debug|Any CPU
		{0DCDD7AB-C870-4037-822B-8A419930EDF7}.Debug|Any CPU.Build.0 = Debug|Any CPU
		{0DCDD7AB-C870-4037-822B-8A419930EDF7}.Release|Any CPU.ActiveCfg = Release|Any CPU
		{0DCDD7AB-C870-4037-822B-8A419930EDF7}.Release|Any CPU.Build.0 = Release|Any CPU
	EndGlobalSection
	GlobalSection(SolutionProperties) = preSolution
		HideSolutionNode = FALSE
	EndGlobalSection
	GlobalSection(ExtensibilityGlobals) = postSolution
		SolutionGuid = {06224EE9-7ED6-4974-892E-B66E01888222}
	EndGlobalSection
EndGlobal
